
Microsoft Visual Studio Solution File, Format Version 12.00
# Visual Studio Version 16
VisualStudioVersion = 16.0.30804.86
MinimumVisualStudioVersion = 10.0.40219.1
Project("{FAE04EC0-301F-11D3-BF4B-00C04F79EFBC}") = "SalesWebMvc", "SalesWebMvc\SalesWebMvc.csproj", "{316F1CB6-72EC-4B99-8B2C-ECAE4D373F3C}"
EndProject
Global
	GlobalSection(SolutionConfigurationPlatforms) = preSolution
		Debug|Any CPU = Debug|Any CPU
		Release|Any CPU = Release|Any CPU
	EndGlobalSection
	GlobalSection(ProjectConfigurationPlatforms) = postSolution
		{316F1CB6-72EC-4B99-8B2C-ECAE4D373F3C}.Debug|Any CPU.ActiveCfg = Debug|Any CPU
		{316F1CB6-72EC-4B99-8B2C-ECAE4D373F3C}.Debug|Any CPU.Build.0 = Debug|Any CPU
		{316F1CB6-72EC-4B99-8B2C-ECAE4D373F3C}.Release|Any CPU.ActiveCfg = Release|Any CPU
		{316F1CB6-72EC-4B99-8B2C-ECAE4D373F3C}.Release|Any CPU.Build.0 = Release|Any CPU
	EndGlobalSection
	GlobalSection(SolutionProperties) = preSolution
		HideSolutionNode = FALSE
	EndGlobalSection
	GlobalSection(ExtensibilityGlobals) = postSolution
		SolutionGuid = {49E0FC9F-90AE-481E-8F99-D42119D8FD82}
	EndGlobalSection
EndGlobal
